
Microsoft Visual Studio Solution File, Format Version 12.00
# Visual Studio Version 16
VisualStudioVersion = 16.0.30114.105
MinimumVisualStudioVersion = 10.0.40219.1
Project("{2150E333-8FDC-42A3-9474-1A3956D46DE8}") = "src", "src", "{122EE13C-5C3A-4204-9AA8-519ADF6FF9BA}"
EndProject
Project("{2150E333-8FDC-42A3-9474-1A3956D46DE8}") = "Building Blocks", "Building Blocks", "{AF989FE3-D799-4C92-982E-5953DFD4C876}"
EndProject
Project("{2150E333-8FDC-42A3-9474-1A3956D46DE8}") = "Services", "Services", "{F37AD541-E97B-43FB-A8EE-CBD555B53CA7}"
EndProject
Project("{2150E333-8FDC-42A3-9474-1A3956D46DE8}") = "Web", "Web", "{B407ED6D-1987-4AD5-B298-17053F04D914}"
EndProject
Project("{2150E333-8FDC-42A3-9474-1A3956D46DE8}") = "Identidade", "Identidade", "{7CBDE781-915B-4FA5-A697-D494BACA68C0}"
EndProject
Project("{9A19103F-16F7-4668-BE54-9A1E7A4F7556}") = "NSE.Identidade.API", "src\services\NSE.Identidade.API\NSE.Identidade.API.csproj", "{74721B9D-AD45-41A0-98CD-8D8F8EB3F192}"
EndProject
Project("{2150E333-8FDC-42A3-9474-1A3956D46DE8}") = "MVC", "MVC", "{EF75F8D2-B840-46B4-A5CA-77313183EC9D}"
EndProject
Project("{9A19103F-16F7-4668-BE54-9A1E7A4F7556}") = "NSE.WebApp.MVC", "src\web\NSE.WebApp.MVC\NSE.WebApp.MVC.csproj", "{33C48345-376E-4607-8636-2B614F5E8438}"
EndProject
Project("{2150E333-8FDC-42A3-9474-1A3956D46DE8}") = "Core", "Core", "{9F0916CD-6B56-462A-873D-FD3EABEFC863}"
EndProject
Project("{9A19103F-16F7-4668-BE54-9A1E7A4F7556}") = "NSE.Core", "src\building blocks\NSE.Core\NSE.Core.csproj", "{16D732C9-20EC-45B9-96D0-81982BC039D8}"
EndProject
Project("{2150E333-8FDC-42A3-9474-1A3956D46DE8}") = "Carrinho", "Carrinho", "{9307FCAD-1305-4007-8697-DC89918D2014}"
EndProject
Project("{2150E333-8FDC-42A3-9474-1A3956D46DE8}") = "Catalogo", "Catalogo", "{FC47D9C6-2C63-492B-9AA9-1EDB0C15EE08}"
EndProject
Project("{2150E333-8FDC-42A3-9474-1A3956D46DE8}") = "Cliente", "Cliente", "{F3593940-2A01-48EC-81E9-0C0BC3B0B200}"
EndProject
Project("{2150E333-8FDC-42A3-9474-1A3956D46DE8}") = "Pagamento", "Pagamento", "{399E9EB7-2250-4E99-A25F-1D6164D29554}"
EndProject
Project("{2150E333-8FDC-42A3-9474-1A3956D46DE8}") = "Pedido", "Pedido", "{938480E2-685C-49EA-951E-EFAE03A2C882}"
EndProject
Project("{9A19103F-16F7-4668-BE54-9A1E7A4F7556}") = "NSE.Carrinho.API", "src\services\NSE.Carrinho.API\NSE.Carrinho.API.csproj", "{137E1EA9-BD68-47B2-89D3-A3947A07A288}"
EndProject
Project("{9A19103F-16F7-4668-BE54-9A1E7A4F7556}") = "NSE.Catalogo.API", "src\services\NSE.Catalogo.API\NSE.Catalogo.API.csproj", "{A92E7505-09C6-4D02-A143-C035DBC61FF2}"
EndProject
Project("{9A19103F-16F7-4668-BE54-9A1E7A4F7556}") = "NSE.Clientes.API", "src\services\NSE.Clientes.API\NSE.Clientes.API.csproj", "{680C7A27-EAA9-4035-9206-44C779B7DCF8}"
EndProject
Project("{9A19103F-16F7-4668-BE54-9A1E7A4F7556}") = "NSE.Pagamento.API", "src\services\NSE.Pagamento.API\NSE.Pagamento.API.csproj", "{43A432E4-5286-46DE-B33A-BCD33AF2D973}"
EndProject
Project("{9A19103F-16F7-4668-BE54-9A1E7A4F7556}") = "NSE.Pedido.API", "src\services\NSE.Pedido.API\NSE.Pedido.API.csproj", "{8BC56616-BDBC-4B9C-8EA3-2CC2777842AA}"
EndProject
Project("{2150E333-8FDC-42A3-9474-1A3956D46DE8}") = "Services", "Services", "{9027AB0E-127D-4C09-97FE-6F52D6A7A340}"
EndProject
Project("{9A19103F-16F7-4668-BE54-9A1E7A4F7556}") = "NSE.WebAPI.Core", "src\building blocks\NSE.WebAPI.Core\NSE.WebAPI.Core.csproj", "{3D46E30A-E2D0-4E8B-9A08-69AAB1E13D8F}"
EndProject
Global
	GlobalSection(SolutionConfigurationPlatforms) = preSolution
		Debug|Any CPU = Debug|Any CPU
		Release|Any CPU = Release|Any CPU
	EndGlobalSection
	GlobalSection(ProjectConfigurationPlatforms) = postSolution
		{74721B9D-AD45-41A0-98CD-8D8F8EB3F192}.Debug|Any CPU.ActiveCfg = Debug|Any CPU
		{74721B9D-AD45-41A0-98CD-8D8F8EB3F192}.Debug|Any CPU.Build.0 = Debug|Any CPU
		{74721B9D-AD45-41A0-98CD-8D8F8EB3F192}.Release|Any CPU.ActiveCfg = Release|Any CPU
		{74721B9D-AD45-41A0-98CD-8D8F8EB3F192}.Release|Any CPU.Build.0 = Release|Any CPU
		{33C48345-376E-4607-8636-2B614F5E8438}.Debug|Any CPU.ActiveCfg = Debug|Any CPU
		{33C48345-376E-4607-8636-2B614F5E8438}.Debug|Any CPU.Build.0 = Debug|Any CPU
		{33C48345-376E-4607-8636-2B614F5E8438}.Release|Any CPU.ActiveCfg = Release|Any CPU
		{33C48345-376E-4607-8636-2B614F5E8438}.Release|Any CPU.Build.0 = Release|Any CPU
		{16D732C9-20EC-45B9-96D0-81982BC039D8}.Debug|Any CPU.ActiveCfg = Debug|Any CPU
		{16D732C9-20EC-45B9-96D0-81982BC039D8}.Debug|Any CPU.Build.0 = Debug|Any CPU
		{16D732C9-20EC-45B9-96D0-81982BC039D8}.Release|Any CPU.ActiveCfg = Release|Any CPU
		{16D732C9-20EC-45B9-96D0-81982BC039D8}.Release|Any CPU.Build.0 = Release|Any CPU
		{137E1EA9-BD68-47B2-89D3-A3947A07A288}.Debug|Any CPU.ActiveCfg = Debug|Any CPU
		{137E1EA9-BD68-47B2-89D3-A3947A07A288}.Debug|Any CPU.Build.0 = Debug|Any CPU
		{137E1EA9-BD68-47B2-89D3-A3947A07A288}.Release|Any CPU.ActiveCfg = Release|Any CPU
		{137E1EA9-BD68-47B2-89D3-A3947A07A288}.Release|Any CPU.Build.0 = Release|Any CPU
		{A92E7505-09C6-4D02-A143-C035DBC61FF2}.Debug|Any CPU.ActiveCfg = Debug|Any CPU
		{A92E7505-09C6-4D02-A143-C035DBC61FF2}.Debug|Any CPU.Build.0 = Debug|Any CPU
		{A92E7505-09C6-4D02-A143-C035DBC61FF2}.Release|Any CPU.ActiveCfg = Release|Any CPU
		{A92E7505-09C6-4D02-A143-C035DBC61FF2}.Release|Any CPU.Build.0 = Release|Any CPU
		{680C7A27-EAA9-4035-9206-44C779B7DCF8}.Debug|Any CPU.ActiveCfg = Debug|Any CPU
		{680C7A27-EAA9-4035-9206-44C779B7DCF8}.Debug|Any CPU.Build.0 = Debug|Any CPU
		{680C7A27-EAA9-4035-9206-44C779B7DCF8}.Release|Any CPU.ActiveCfg = Release|Any CPU
		{680C7A27-EAA9-4035-9206-44C779B7DCF8}.Release|Any CPU.Build.0 = Release|Any CPU
		{43A432E4-5286-46DE-B33A-BCD33AF2D973}.Debug|Any CPU.ActiveCfg = Debug|Any CPU
		{43A432E4-5286-46DE-B33A-BCD33AF2D973}.Debug|Any CPU.Build.0 = Debug|Any CPU
		{43A432E4-5286-46DE-B33A-BCD33AF2D973}.Release|Any CPU.ActiveCfg = Release|Any CPU
		{43A432E4-5286-46DE-B33A-BCD33AF2D973}.Release|Any CPU.Build.0 = Release|Any CPU
		{8BC56616-BDBC-4B9C-8EA3-2CC2777842AA}.Debug|Any CPU.ActiveCfg = Debug|Any CPU
		{8BC56616-BDBC-4B9C-8EA3-2CC2777842AA}.Debug|Any CPU.Build.0 = Debug|Any CPU
		{8BC56616-BDBC-4B9C-8EA3-2CC2777842AA}.Release|Any CPU.ActiveCfg = Release|Any CPU
		{8BC56616-BDBC-4B9C-8EA3-2CC2777842AA}.Release|Any CPU.Build.0 = Release|Any CPU
		{3D46E30A-E2D0-4E8B-9A08-69AAB1E13D8F}.Debug|Any CPU.ActiveCfg = Debug|Any CPU
		{3D46E30A-E2D0-4E8B-9A08-69AAB1E13D8F}.Debug|Any CPU.Build.0 = Debug|Any CPU
		{3D46E30A-E2D0-4E8B-9A08-69AAB1E13D8F}.Release|Any CPU.ActiveCfg = Release|Any CPU
		{3D46E30A-E2D0-4E8B-9A08-69AAB1E13D8F}.Release|Any CPU.Build.0 = Release|Any CPU
	EndGlobalSection
	GlobalSection(SolutionProperties) = preSolution
		HideSolutionNode = FALSE
	EndGlobalSection
	GlobalSection(NestedProjects) = preSolution
		{AF989FE3-D799-4C92-982E-5953DFD4C876} = {122EE13C-5C3A-4204-9AA8-519ADF6FF9BA}
		{F37AD541-E97B-43FB-A8EE-CBD555B53CA7} = {122EE13C-5C3A-4204-9AA8-519ADF6FF9BA}
		{B407ED6D-1987-4AD5-B298-17053F04D914} = {122EE13C-5C3A-4204-9AA8-519ADF6FF9BA}
		{7CBDE781-915B-4FA5-A697-D494BACA68C0} = {F37AD541-E97B-43FB-A8EE-CBD555B53CA7}
		{74721B9D-AD45-41A0-98CD-8D8F8EB3F192} = {7CBDE781-915B-4FA5-A697-D494BACA68C0}
		{EF75F8D2-B840-46B4-A5CA-77313183EC9D} = {B407ED6D-1987-4AD5-B298-17053F04D914}
		{33C48345-376E-4607-8636-2B614F5E8438} = {EF75F8D2-B840-46B4-A5CA-77313183EC9D}
		{9F0916CD-6B56-462A-873D-FD3EABEFC863} = {AF989FE3-D799-4C92-982E-5953DFD4C876}
		{16D732C9-20EC-45B9-96D0-81982BC039D8} = {9F0916CD-6B56-462A-873D-FD3EABEFC863}
		{9307FCAD-1305-4007-8697-DC89918D2014} = {F37AD541-E97B-43FB-A8EE-CBD555B53CA7}
		{FC47D9C6-2C63-492B-9AA9-1EDB0C15EE08} = {F37AD541-E97B-43FB-A8EE-CBD555B53CA7}
		{F3593940-2A01-48EC-81E9-0C0BC3B0B200} = {F37AD541-E97B-43FB-A8EE-CBD555B53CA7}
		{399E9EB7-2250-4E99-A25F-1D6164D29554} = {F37AD541-E97B-43FB-A8EE-CBD555B53CA7}
		{938480E2-685C-49EA-951E-EFAE03A2C882} = {F37AD541-E97B-43FB-A8EE-CBD555B53CA7}
		{137E1EA9-BD68-47B2-89D3-A3947A07A288} = {9307FCAD-1305-4007-8697-DC89918D2014}
		{A92E7505-09C6-4D02-A143-C035DBC61FF2} = {FC47D9C6-2C63-492B-9AA9-1EDB0C15EE08}
		{680C7A27-EAA9-4035-9206-44C779B7DCF8} = {F3593940-2A01-48EC-81E9-0C0BC3B0B200}
		{43A432E4-5286-46DE-B33A-BCD33AF2D973} = {399E9EB7-2250-4E99-A25F-1D6164D29554}
		{8BC56616-BDBC-4B9C-8EA3-2CC2777842AA} = {938480E2-685C-49EA-951E-EFAE03A2C882}
		{9027AB0E-127D-4C09-97FE-6F52D6A7A340} = {AF989FE3-D799-4C92-982E-5953DFD4C876}
		{3D46E30A-E2D0-4E8B-9A08-69AAB1E13D8F} = {9027AB0E-127D-4C09-97FE-6F52D6A7A340}
	EndGlobalSection
	GlobalSection(ExtensibilityGlobals) = postSolution
		SolutionGuid = {F0598881-C472-489B-BFAC-504F4B5986A7}
	EndGlobalSection
EndGlobal
